
Microsoft Visual Studio Solution File, Format Version 12.00
# Visual Studio Version 17
VisualStudioVersion = 17.11.35222.181
MinimumVisualStudioVersion = 10.0.40219.1
Project("{FAE04EC0-301F-11D3-BF4B-00C04F79EFBC}") = "WpfApp1", "WpfApp1.csproj", "{C594BA42-F443-4A93-9914-261F623C0AE2}"
EndProject
Global
	GlobalSection(SolutionConfigurationPlatforms) = preSolution
		Debug|Any CPU = Debug|Any CPU
		Release|Any CPU = Release|Any CPU
	EndGlobalSection
	GlobalSection(ProjectConfigurationPlatforms) = postSolution
		{C594BA42-F443-4A93-9914-261F623C0AE2}.Debug|Any CPU.ActiveCfg = Debug|Any CPU
		{C594BA42-F443-4A93-9914-261F623C0AE2}.Debug|Any CPU.Build.0 = Debug|Any CPU
		{C594BA42-F443-4A93-9914-261F623C0AE2}.Release|Any CPU.ActiveCfg = Release|Any CPU
		{C594BA42-F443-4A93-9914-261F623C0AE2}.Release|Any CPU.Build.0 = Release|Any CPU
	EndGlobalSection
	GlobalSection(SolutionProperties) = preSolution
		HideSolutionNode = FALSE
	EndGlobalSection
	GlobalSection(ExtensibilityGlobals) = postSolution
		SolutionGuid = {BD96C295-5498-49E5-B815-76EFE0C708B9}
	EndGlobalSection
EndGlobal
